
Microsoft Visual Studio Solution File, Format Version 12.00
# Visual Studio 15
Project("{FAE04EC0-301F-11D3-BF4B-00C04F79EFBC}") = "Assembly-CSharp", "Assembly-CSharp.csproj", "{8458E727-9B40-E046-EE94-78631C04027A}"
EndProject
Project("{FAE04EC0-301F-11D3-BF4B-00C04F79EFBC}") = "Assembly-CSharp-Editor", "Assembly-CSharp-Editor.csproj", "{9DE6FEF7-080C-8F92-2F66-88F762B55752}"
EndProject
Global
	GlobalSection(SolutionConfigurationPlatforms) = preSolution
		Debug|Any CPU = Debug|Any CPU
		Release|Any CPU = Release|Any CPU
	EndGlobalSection
	GlobalSection(ProjectConfigurationPlatforms) = postSolution
		{8458E727-9B40-E046-EE94-78631C04027A}.Debug|Any CPU.ActiveCfg = Debug|Any CPU
		{8458E727-9B40-E046-EE94-78631C04027A}.Debug|Any CPU.Build.0 = Debug|Any CPU
		{8458E727-9B40-E046-EE94-78631C04027A}.Release|Any CPU.ActiveCfg = Release|Any CPU
		{8458E727-9B40-E046-EE94-78631C04027A}.Release|Any CPU.Build.0 = Release|Any CPU
		{9DE6FEF7-080C-8F92-2F66-88F762B55752}.Debug|Any CPU.ActiveCfg = Debug|Any CPU
		{9DE6FEF7-080C-8F92-2F66-88F762B55752}.Debug|Any CPU.Build.0 = Debug|Any CPU
		{9DE6FEF7-080C-8F92-2F66-88F762B55752}.Release|Any CPU.ActiveCfg = Release|Any CPU
		{9DE6FEF7-080C-8F92-2F66-88F762B55752}.Release|Any CPU.Build.0 = Release|Any CPU
	EndGlobalSection
	GlobalSection(SolutionProperties) = preSolution
		HideSolutionNode = FALSE
	EndGlobalSection
EndGlobal
